
Microsoft Visual Studio Solution File, Format Version 12.00
# Visual Studio Version 17
VisualStudioVersion = 17.14.36414.22 d17.14
MinimumVisualStudioVersion = 10.0.40219.1
Project("{FAE04EC0-301F-11D3-BF4B-00C04F79EFBC}") = "Lab3", "Lab3\Lab3.csproj", "{FBCBC81C-E2C6-4C93-B103-3E60CC08370F}"
EndProject
Global
	GlobalSection(SolutionConfigurationPlatforms) = preSolution
		Debug|Any CPU = Debug|Any CPU
		Release|Any CPU = Release|Any CPU
	EndGlobalSection
	GlobalSection(ProjectConfigurationPlatforms) = postSolution
		{FBCBC81C-E2C6-4C93-B103-3E60CC08370F}.Debug|Any CPU.ActiveCfg = Debug|Any CPU
		{FBCBC81C-E2C6-4C93-B103-3E60CC08370F}.Debug|Any CPU.Build.0 = Debug|Any CPU
		{FBCBC81C-E2C6-4C93-B103-3E60CC08370F}.Release|Any CPU.ActiveCfg = Release|Any CPU
		{FBCBC81C-E2C6-4C93-B103-3E60CC08370F}.Release|Any CPU.Build.0 = Release|Any CPU
	EndGlobalSection
	GlobalSection(SolutionProperties) = preSolution
		HideSolutionNode = FALSE
	EndGlobalSection
	GlobalSection(ExtensibilityGlobals) = postSolution
		SolutionGuid = {1A2B8629-F4FD-4B02-AC9B-9F7E9CC61FCD}
	EndGlobalSection
EndGlobal
